
Microsoft Visual Studio Solution File, Format Version 12.00
# Visual Studio Version 17
VisualStudioVersion = 17.0.31903.59
MinimumVisualStudioVersion = 10.0.40219.1
Project("{2150E333-8FDC-42A3-9474-1A3956D46DE8}") = "src", "src", "{A428CD7B-658F-456A-9582-CD3751ED7331}"
EndProject
Project("{FAE04EC0-301F-11D3-BF4B-00C04F79EFBC}") = "CRMSystem.API", "src\CRMSystem.API\CRMSystem.API.csproj", "{B218DAF4-EE6E-4229-9E63-3BD6107F1B83}"
EndProject
Project("{2150E333-8FDC-42A3-9474-1A3956D46DE8}") = "Core", "Core", "{E93C9EE9-A945-4E0A-B07C-B5D4A86C2A0E}"
EndProject
Project("{FAE04EC0-301F-11D3-BF4B-00C04F79EFBC}") = "CRMSystem.Domain", "src\Core\CRMSystem.Domain\CRMSystem.Domain.csproj", "{D9685758-993E-479F-8762-7A59E2BD4AC8}"
EndProject
Project("{FAE04EC0-301F-11D3-BF4B-00C04F79EFBC}") = "CRMSystem.Application", "src\Core\CRMSystem.Application\CRMSystem.Application.csproj", "{FF647A4F-201A-4754-9F35-729636CF2521}"
EndProject
Project("{2150E333-8FDC-42A3-9474-1A3956D46DE8}") = "Infrastructure", "Infrastructure", "{2F9CA567-116C-43CB-B165-B606768251E5}"
EndProject
Project("{FAE04EC0-301F-11D3-BF4B-00C04F79EFBC}") = "CRMSystem.External", "src\Infrastructure\CRMSystem.External\CRMSystem.External.csproj", "{9F56344A-AE38-4D3F-AB78-CD28DA9A4146}"
EndProject
Project("{FAE04EC0-301F-11D3-BF4B-00C04F79EFBC}") = "CRMSystem.Persistence", "src\Infrastructure\CRMSystem.Persistence\CRMSystem.Persistence.csproj", "{926FBA99-75DF-4705-8646-23E047CAFF2B}"
EndProject
Project("{2150E333-8FDC-42A3-9474-1A3956D46DE8}") = "tests", "tests", "{BE5C6ECF-6E23-438D-99A2-AE5D1A480E79}"
EndProject
Project("{FAE04EC0-301F-11D3-BF4B-00C04F79EFBC}") = "CRMSystem.UnitTests", "tests\CRMSystem.UnitTests\CRMSystem.UnitTests.csproj", "{744636CD-97A2-4FF5-ADA9-FF0CE2790EF7}"
EndProject
Project("{FAE04EC0-301F-11D3-BF4B-00C04F79EFBC}") = "CRMSystem.IntegrationTests", "tests\CRMSystem.IntegrationTests\CRMSystem.IntegrationTests.csproj", "{FC40937F-64B4-4BB0-BE3E-A3E061987F96}"
EndProject
Global
	GlobalSection(SolutionConfigurationPlatforms) = preSolution
		Debug|Any CPU = Debug|Any CPU
		Release|Any CPU = Release|Any CPU
	EndGlobalSection
	GlobalSection(ProjectConfigurationPlatforms) = postSolution
		{B218DAF4-EE6E-4229-9E63-3BD6107F1B83}.Debug|Any CPU.ActiveCfg = Debug|Any CPU
		{B218DAF4-EE6E-4229-9E63-3BD6107F1B83}.Debug|Any CPU.Build.0 = Debug|Any CPU
		{B218DAF4-EE6E-4229-9E63-3BD6107F1B83}.Release|Any CPU.ActiveCfg = Release|Any CPU
		{B218DAF4-EE6E-4229-9E63-3BD6107F1B83}.Release|Any CPU.Build.0 = Release|Any CPU
		{D9685758-993E-479F-8762-7A59E2BD4AC8}.Debug|Any CPU.ActiveCfg = Debug|Any CPU
		{D9685758-993E-479F-8762-7A59E2BD4AC8}.Debug|Any CPU.Build.0 = Debug|Any CPU
		{D9685758-993E-479F-8762-7A59E2BD4AC8}.Release|Any CPU.ActiveCfg = Release|Any CPU
		{D9685758-993E-479F-8762-7A59E2BD4AC8}.Release|Any CPU.Build.0 = Release|Any CPU
		{FF647A4F-201A-4754-9F35-729636CF2521}.Debug|Any CPU.ActiveCfg = Debug|Any CPU
		{FF647A4F-201A-4754-9F35-729636CF2521}.Debug|Any CPU.Build.0 = Debug|Any CPU
		{FF647A4F-201A-4754-9F35-729636CF2521}.Release|Any CPU.ActiveCfg = Release|Any CPU
		{FF647A4F-201A-4754-9F35-729636CF2521}.Release|Any CPU.Build.0 = Release|Any CPU
		{9F56344A-AE38-4D3F-AB78-CD28DA9A4146}.Debug|Any CPU.ActiveCfg = Debug|Any CPU
		{9F56344A-AE38-4D3F-AB78-CD28DA9A4146}.Debug|Any CPU.Build.0 = Debug|Any CPU
		{9F56344A-AE38-4D3F-AB78-CD28DA9A4146}.Release|Any CPU.ActiveCfg = Release|Any CPU
		{9F56344A-AE38-4D3F-AB78-CD28DA9A4146}.Release|Any CPU.Build.0 = Release|Any CPU
		{926FBA99-75DF-4705-8646-23E047CAFF2B}.Debug|Any CPU.ActiveCfg = Debug|Any CPU
		{926FBA99-75DF-4705-8646-23E047CAFF2B}.Debug|Any CPU.Build.0 = Debug|Any CPU
		{926FBA99-75DF-4705-8646-23E047CAFF2B}.Release|Any CPU.ActiveCfg = Release|Any CPU
		{926FBA99-75DF-4705-8646-23E047CAFF2B}.Release|Any CPU.Build.0 = Release|Any CPU
		{744636CD-97A2-4FF5-ADA9-FF0CE2790EF7}.Debug|Any CPU.ActiveCfg = Debug|Any CPU
		{744636CD-97A2-4FF5-ADA9-FF0CE2790EF7}.Debug|Any CPU.Build.0 = Debug|Any CPU
		{744636CD-97A2-4FF5-ADA9-FF0CE2790EF7}.Release|Any CPU.ActiveCfg = Release|Any CPU
		{744636CD-97A2-4FF5-ADA9-FF0CE2790EF7}.Release|Any CPU.Build.0 = Release|Any CPU
		{FC40937F-64B4-4BB0-BE3E-A3E061987F96}.Debug|Any CPU.ActiveCfg = Debug|Any CPU
		{FC40937F-64B4-4BB0-BE3E-A3E061987F96}.Debug|Any CPU.Build.0 = Debug|Any CPU
		{FC40937F-64B4-4BB0-BE3E-A3E061987F96}.Release|Any CPU.ActiveCfg = Release|Any CPU
		{FC40937F-64B4-4BB0-BE3E-A3E061987F96}.Release|Any CPU.Build.0 = Release|Any CPU
	EndGlobalSection
	GlobalSection(SolutionProperties) = preSolution
		HideSolutionNode = FALSE
	EndGlobalSection
	GlobalSection(NestedProjects) = preSolution
		{B218DAF4-EE6E-4229-9E63-3BD6107F1B83} = {A428CD7B-658F-456A-9582-CD3751ED7331}
		{E93C9EE9-A945-4E0A-B07C-B5D4A86C2A0E} = {A428CD7B-658F-456A-9582-CD3751ED7331}
		{D9685758-993E-479F-8762-7A59E2BD4AC8} = {E93C9EE9-A945-4E0A-B07C-B5D4A86C2A0E}
		{FF647A4F-201A-4754-9F35-729636CF2521} = {E93C9EE9-A945-4E0A-B07C-B5D4A86C2A0E}
		{2F9CA567-116C-43CB-B165-B606768251E5} = {A428CD7B-658F-456A-9582-CD3751ED7331}
		{9F56344A-AE38-4D3F-AB78-CD28DA9A4146} = {2F9CA567-116C-43CB-B165-B606768251E5}
		{926FBA99-75DF-4705-8646-23E047CAFF2B} = {2F9CA567-116C-43CB-B165-B606768251E5}
		{744636CD-97A2-4FF5-ADA9-FF0CE2790EF7} = {BE5C6ECF-6E23-438D-99A2-AE5D1A480E79}
		{FC40937F-64B4-4BB0-BE3E-A3E061987F96} = {BE5C6ECF-6E23-438D-99A2-AE5D1A480E79}
	EndGlobalSection
EndGlobal
